{
  "name": "ripple-lib",
  "version": "0.13.0-rc15",
  "npm-shrinkwrap-version": "5.4.0",
  "node-version": "v0.12.7",
  "dependencies": {
    "babel-runtime": {
      "version": "5.8.29",
      "resolved": "https://registry.npmjs.org/babel-runtime/-/babel-runtime-5.8.29.tgz",
      "dependencies": {
        "core-js": {
          "version": "1.2.3",
          "resolved": "https://registry.npmjs.org/core-js/-/core-js-1.2.3.tgz"
        }
      }
    },
    "bignumber.js": {
      "version": "2.1.0",
      "resolved": "https://registry.npmjs.org/bignumber.js/-/bignumber.js-2.1.0.tgz"
    },
    "hash.js": {
      "version": "1.0.3",
      "resolved": "https://registry.npmjs.org/hash.js/-/hash.js-1.0.3.tgz",
      "dependencies": {
        "inherits": {
          "version": "2.0.1",
          "resolved": "https://registry.npmjs.org/inherits/-/inherits-2.0.1.tgz"
        }
      }
    },
    "https-proxy-agent": {
      "version": "1.0.0",
      "resolved": "https://registry.npmjs.org/https-proxy-agent/-/https-proxy-agent-1.0.0.tgz",
      "dependencies": {
        "agent-base": {
          "version": "2.0.1",
          "resolved": "https://registry.npmjs.org/agent-base/-/agent-base-2.0.1.tgz",
          "dependencies": {
            "semver": {
              "version": "5.0.3",
              "resolved": "https://registry.npmjs.org/semver/-/semver-5.0.3.tgz"
            }
          }
        },
        "debug": {
          "version": "2.2.0",
          "resolved": "https://registry.npmjs.org/debug/-/debug-2.2.0.tgz",
          "dependencies": {
            "ms": {
              "version": "0.7.1",
              "resolved": "https://registry.npmjs.org/ms/-/ms-0.7.1.tgz"
            }
          }
        },
        "extend": {
          "version": "3.0.0",
          "resolved": "https://registry.npmjs.org/extend/-/extend-3.0.0.tgz"
        }
      }
    },
    "is-my-json-valid": {
      "version": "2.12.2",
      "resolved": "https://registry.npmjs.org/is-my-json-valid/-/is-my-json-valid-2.12.2.tgz",
      "dependencies": {
        "generate-function": {
          "version": "2.0.0",
          "resolved": "https://registry.npmjs.org/generate-function/-/generate-function-2.0.0.tgz"
        },
        "generate-object-property": {
          "version": "1.2.0",
          "resolved": "https://registry.npmjs.org/generate-object-property/-/generate-object-property-1.2.0.tgz",
          "dependencies": {
            "is-property": {
              "version": "1.0.2",
              "resolved": "https://registry.npmjs.org/is-property/-/is-property-1.0.2.tgz"
            }
          }
        },
        "jsonpointer": {
          "version": "2.0.0",
          "resolved": "https://registry.npmjs.org/jsonpointer/-/jsonpointer-2.0.0.tgz"
        },
        "xtend": {
          "version": "4.0.0",
          "resolved": "https://registry.npmjs.org/xtend/-/xtend-4.0.0.tgz"
        }
      }
    },
    "lodash": {
      "version": "3.10.1",
      "resolved": "https://registry.npmjs.org/lodash/-/lodash-3.10.1.tgz"
    },
    "ripple-address-codec": {
      "version": "2.0.1",
      "resolved": "https://registry.npmjs.org/ripple-address-codec/-/ripple-address-codec-2.0.1.tgz",
      "dependencies": {
        "x-address-codec": {
          "version": "0.7.2",
          "resolved": "https://registry.npmjs.org/x-address-codec/-/x-address-codec-0.7.2.tgz",
          "dependencies": {
            "base-x": {
              "version": "1.0.1",
              "resolved": "https://registry.npmjs.org/base-x/-/base-x-1.0.1.tgz"
            }
          }
        }
      }
    },
    "ripple-binary-codec": {
      "version": "0.0.6",
      "resolved": "https://registry.npmjs.org/ripple-binary-codec/-/ripple-binary-codec-0.0.6.tgz",
      "dependencies": {
        "bn.js": {
          "version": "3.3.0",
          "resolved": "https://registry.npmjs.org/bn.js/-/bn.js-3.3.0.tgz"
        },
        "create-hash": {
          "version": "1.1.2",
          "resolved": "https://registry.npmjs.org/create-hash/-/create-hash-1.1.2.tgz",
          "dependencies": {
            "cipher-base": {
              "version": "1.0.2",
              "resolved": "https://registry.npmjs.org/cipher-base/-/cipher-base-1.0.2.tgz"
            },
            "ripemd160": {
              "version": "1.0.1",
              "resolved": "https://registry.npmjs.org/ripemd160/-/ripemd160-1.0.1.tgz"
            },
            "sha.js": {
              "version": "2.4.4",
              "resolved": "https://registry.npmjs.org/sha.js/-/sha.js-2.4.4.tgz"
            }
          }
        },
        "decimal.js": {
          "version": "4.0.3",
          "resolved": "https://registry.npmjs.org/decimal.js/-/decimal.js-4.0.3.tgz"
        },
        "inherits": {
          "version": "2.0.1",
          "resolved": "https://registry.npmjs.org/inherits/-/inherits-2.0.1.tgz"
        }
      }
    },
    "ripple-hashes": {
      "version": "0.0.1",
      "resolved": "https://registry.npmjs.org/ripple-hashes/-/ripple-hashes-0.0.1.tgz",
      "dependencies": {
        "create-hash": {
          "version": "1.1.2",
          "resolved": "https://registry.npmjs.org/create-hash/-/create-hash-1.1.2.tgz",
          "dependencies": {
            "cipher-base": {
              "version": "1.0.2",
              "resolved": "https://registry.npmjs.org/cipher-base/-/cipher-base-1.0.2.tgz"
            },
            "inherits": {
              "version": "2.0.1",
              "resolved": "https://registry.npmjs.org/inherits/-/inherits-2.0.1.tgz"
            },
            "ripemd160": {
              "version": "1.0.1",
              "resolved": "https://registry.npmjs.org/ripemd160/-/ripemd160-1.0.1.tgz"
            },
            "sha.js": {
              "version": "2.4.4",
              "resolved": "https://registry.npmjs.org/sha.js/-/sha.js-2.4.4.tgz"
            }
          }
        }
      }
    },
    "ripple-keypairs": {
      "version": "0.10.0",
      "resolved": "https://registry.npmjs.org/ripple-keypairs/-/ripple-keypairs-0.10.0.tgz",
      "dependencies": {
        "bn.js": {
          "version": "3.3.0",
          "resolved": "https://registry.npmjs.org/bn.js/-/bn.js-3.3.0.tgz"
        },
        "brorand": {
          "version": "1.0.5",
          "resolved": "https://registry.npmjs.org/brorand/-/brorand-1.0.5.tgz"
        },
        "elliptic": {
          "version": "5.2.0",
          "resolved": "https://registry.npmjs.org/elliptic/-/elliptic-5.2.0.tgz",
          "dependencies": {
            "inherits": {
              "version": "2.0.1",
              "resolved": "https://registry.npmjs.org/inherits/-/inherits-2.0.1.tgz"
            }
          }
        }
      }
    },
    "ripple-lib-transactionparser": {
      "version": "0.5.1",
      "resolved": "https://registry.npmjs.org/ripple-lib-transactionparser/-/ripple-lib-transactionparser-0.5.1.tgz"
    },
    "ws": {
      "version": "0.7.2",
      "resolved": "https://registry.npmjs.org/ws/-/ws-0.7.2.tgz",
      "dependencies": {
        "options": {
          "version": "0.0.6",
          "resolved": "https://registry.npmjs.org/options/-/options-0.0.6.tgz"
        },
        "ultron": {
          "version": "1.0.2",
          "resolved": "https://registry.npmjs.org/ultron/-/ultron-1.0.2.tgz"
        }
      }
    }
  }
}
