{
  "name": "ripple-lib",
  "version": "0.13.0-rc6",
  "npm-shrinkwrap-version": "5.4.0",
  "node-version": "v0.12.7",
  "dependencies": {
    "async": {
      "version": "0.9.2",
      "resolved": "https://registry.npmjs.org/async/-/async-0.9.2.tgz"
    },
    "babel-runtime": {
      "version": "5.8.20",
      "resolved": "https://registry.npmjs.org/babel-runtime/-/babel-runtime-5.8.20.tgz",
      "dependencies": {
        "core-js": {
          "version": "1.1.2",
          "resolved": "https://registry.npmjs.org/core-js/-/core-js-1.1.2.tgz"
        }
      }
    },
    "bignumber.js": {
      "version": "2.0.7",
      "resolved": "https://registry.npmjs.org/bignumber.js/-/bignumber.js-2.0.7.tgz"
    },
    "bn.js": {
      "version": "3.1.2",
      "resolved": "https://registry.npmjs.org/bn.js/-/bn.js-3.1.2.tgz"
    },
    "es6-promisify": {
      "version": "2.0.0",
      "resolved": "https://registry.npmjs.org/es6-promisify/-/es6-promisify-2.0.0.tgz",
      "dependencies": {
        "es6-promise": {
          "version": "2.3.0",
          "resolved": "https://registry.npmjs.org/es6-promise/-/es6-promise-2.3.0.tgz"
        }
      }
    },
    "extend": {
      "version": "1.2.1",
      "resolved": "https://registry.npmjs.org/extend/-/extend-1.2.1.tgz"
    },
    "hash.js": {
      "version": "1.0.3",
      "resolved": "https://registry.npmjs.org/hash.js/-/hash.js-1.0.3.tgz",
      "dependencies": {
        "inherits": {
          "version": "2.0.1",
          "resolved": "https://registry.npmjs.org/inherits/-/inherits-2.0.1.tgz"
        }
      }
    },
    "https-proxy-agent": {
      "version": "1.0.0",
      "resolved": "https://registry.npmjs.org/https-proxy-agent/-/https-proxy-agent-1.0.0.tgz",
      "dependencies": {
        "agent-base": {
          "version": "2.0.0",
          "resolved": "https://registry.npmjs.org/agent-base/-/agent-base-2.0.0.tgz",
          "dependencies": {
            "semver": {
              "version": "4.3.6",
              "resolved": "https://registry.npmjs.org/semver/-/semver-4.3.6.tgz"
            }
          }
        },
        "debug": {
          "version": "2.2.0",
          "resolved": "https://registry.npmjs.org/debug/-/debug-2.2.0.tgz",
          "dependencies": {
            "ms": {
              "version": "0.7.1",
              "resolved": "https://registry.npmjs.org/ms/-/ms-0.7.1.tgz"
            }
          }
        },
        "extend": {
          "version": "3.0.0",
          "resolved": "https://registry.npmjs.org/extend/-/extend-3.0.0.tgz"
        }
      }
    },
    "is-my-json-valid": {
      "version": "2.12.2",
      "resolved": "https://registry.npmjs.org/is-my-json-valid/-/is-my-json-valid-2.12.2.tgz",
      "dependencies": {
        "generate-function": {
          "version": "2.0.0",
          "resolved": "https://registry.npmjs.org/generate-function/-/generate-function-2.0.0.tgz"
        },
        "generate-object-property": {
          "version": "1.2.0",
          "resolved": "https://registry.npmjs.org/generate-object-property/-/generate-object-property-1.2.0.tgz",
          "dependencies": {
            "is-property": {
              "version": "1.0.2",
              "resolved": "https://registry.npmjs.org/is-property/-/is-property-1.0.2.tgz"
            }
          }
        },
        "jsonpointer": {
          "version": "2.0.0",
          "resolved": "https://registry.npmjs.org/jsonpointer/-/jsonpointer-2.0.0.tgz"
        },
        "xtend": {
          "version": "4.0.0",
          "resolved": "https://registry.npmjs.org/xtend/-/xtend-4.0.0.tgz"
        }
      }
    },
    "lodash": {
      "version": "3.10.1",
      "resolved": "https://registry.npmjs.org/lodash/-/lodash-3.10.1.tgz"
    },
    "lru-cache": {
      "version": "2.5.2",
      "resolved": "https://registry.npmjs.org/lru-cache/-/lru-cache-2.5.2.tgz"
    },
    "ripple-address-codec": {
      "version": "1.6.0",
      "resolved": "https://registry.npmjs.org/ripple-address-codec/-/ripple-address-codec-1.6.0.tgz",
      "dependencies": {
        "x-address-codec": {
          "version": "0.6.0",
          "resolved": "https://registry.npmjs.org/x-address-codec/-/x-address-codec-0.6.0.tgz",
          "dependencies": {
            "base-x": {
              "version": "1.0.1",
              "resolved": "https://registry.npmjs.org/base-x/-/base-x-1.0.1.tgz"
            }
          }
        }
      }
    },
    "ripple-keypairs": {
      "version": "0.8.0",
      "resolved": "https://registry.npmjs.org/ripple-keypairs/-/ripple-keypairs-0.8.0.tgz",
      "dependencies": {
        "brorand": {
          "version": "1.0.5",
          "resolved": "https://registry.npmjs.org/brorand/-/brorand-1.0.5.tgz"
        },
        "elliptic": {
          "version": "5.1.0",
          "resolved": "https://registry.npmjs.org/elliptic/-/elliptic-5.1.0.tgz",
          "dependencies": {
            "inherits": {
              "version": "2.0.1",
              "resolved": "https://registry.npmjs.org/inherits/-/inherits-2.0.1.tgz"
            }
          }
        }
      }
    },
    "ripple-lib-transactionparser": {
      "version": "0.5.0",
      "resolved": "https://registry.npmjs.org/ripple-lib-transactionparser/-/ripple-lib-transactionparser-0.5.0.tgz",
      "dependencies": {
        "bignumber.js": {
          "version": "1.4.1",
          "resolved": "https://registry.npmjs.org/bignumber.js/-/bignumber.js-1.4.1.tgz"
        }
      }
    },
    "sjcl-codec": {
      "version": "0.1.0",
      "resolved": "https://registry.npmjs.org/sjcl-codec/-/sjcl-codec-0.1.0.tgz"
    },
    "ws": {
      "version": "0.7.2",
      "resolved": "https://registry.npmjs.org/ws/-/ws-0.7.2.tgz",
      "dependencies": {
        "bufferutil": {
          "version": "1.1.0",
          "resolved": "https://registry.npmjs.org/bufferutil/-/bufferutil-1.1.0.tgz",
          "dependencies": {
            "bindings": {
              "version": "1.2.1",
              "resolved": "https://registry.npmjs.org/bindings/-/bindings-1.2.1.tgz"
            },
            "nan": {
              "version": "1.8.4",
              "resolved": "https://registry.npmjs.org/nan/-/nan-1.8.4.tgz"
            }
          }
        },
        "options": {
          "version": "0.0.6",
          "resolved": "https://registry.npmjs.org/options/-/options-0.0.6.tgz"
        },
        "ultron": {
          "version": "1.0.2",
          "resolved": "https://registry.npmjs.org/ultron/-/ultron-1.0.2.tgz"
        },
        "utf-8-validate": {
          "version": "1.1.0",
          "resolved": "https://registry.npmjs.org/utf-8-validate/-/utf-8-validate-1.1.0.tgz",
          "dependencies": {
            "bindings": {
              "version": "1.2.1",
              "resolved": "https://registry.npmjs.org/bindings/-/bindings-1.2.1.tgz"
            },
            "nan": {
              "version": "1.8.4",
              "resolved": "https://registry.npmjs.org/nan/-/nan-1.8.4.tgz"
            }
          }
        }
      }
    }
  }
}
